
Microsoft Visual Studio Solution File, Format Version 12.00
Project("{FAE04EC0-301F-11D3-BF4B-00C04F79EFBC}") = "TriPoint", "TriPoint\TriPoint.csproj", "{6910F4FC-44E8-4546-B4D0-FE7E183CC627}"
EndProject
Project("{2150E333-8FDC-42A3-9474-1A3956D46DE8}") = "Solution Items", "Solution Items", "{732033A3-3BBB-48C9-B993-7F49989C6DD8}"
	ProjectSection(SolutionItems) = preProject
		docker-compose.yml = docker-compose.yml
	EndProjectSection
EndProject
Global
	GlobalSection(SolutionConfigurationPlatforms) = preSolution
		Debug|Any CPU = Debug|Any CPU
		Release|Any CPU = Release|Any CPU
	EndGlobalSection
	GlobalSection(ProjectConfigurationPlatforms) = postSolution
		{6910F4FC-44E8-4546-B4D0-FE7E183CC627}.Debug|Any CPU.ActiveCfg = Debug|Any CPU
		{6910F4FC-44E8-4546-B4D0-FE7E183CC627}.Debug|Any CPU.Build.0 = Debug|Any CPU
		{6910F4FC-44E8-4546-B4D0-FE7E183CC627}.Release|Any CPU.ActiveCfg = Release|Any CPU
		{6910F4FC-44E8-4546-B4D0-FE7E183CC627}.Release|Any CPU.Build.0 = Release|Any CPU
	EndGlobalSection
EndGlobal
